
Microsoft Visual Studio Solution File, Format Version 12.00
# Visual Studio Version 16
VisualStudioVersion = 16.0.32106.194
MinimumVisualStudioVersion = 10.0.40219.1
Project("{8BC9CEB8-8B4A-11D0-8D11-00A0C91BC942}") = "Lab 2", "Lab 2.vcxproj", "{C9725912-28C0-4F35-8645-4EBC879C4444}"
EndProject
Global
	GlobalSection(SolutionConfigurationPlatforms) = preSolution
		Debug|x64 = Debug|x64
		Release|x64 = Release|x64
	EndGlobalSection
	GlobalSection(ProjectConfigurationPlatforms) = postSolution
		{C9725912-28C0-4F35-8645-4EBC879C4444}.Debug|x64.ActiveCfg = Debug|x64
		{C9725912-28C0-4F35-8645-4EBC879C4444}.Debug|x64.Build.0 = Debug|x64
		{C9725912-28C0-4F35-8645-4EBC879C4444}.Release|x64.ActiveCfg = Release|x64
		{C9725912-28C0-4F35-8645-4EBC879C4444}.Release|x64.Build.0 = Release|x64
	EndGlobalSection
	GlobalSection(SolutionProperties) = preSolution
		HideSolutionNode = FALSE
	EndGlobalSection
	GlobalSection(ExtensibilityGlobals) = postSolution
		SolutionGuid = {08252783-13F7-4AB8-90A8-14A2DE42DCDE}
	EndGlobalSection
EndGlobal
